
Microsoft Visual Studio Solution File, Format Version 12.00
# Visual Studio 15
VisualStudioVersion = 15.0.26124.0
MinimumVisualStudioVersion = 15.0.26124.0
Project("{FAE04EC0-301F-11D3-BF4B-00C04F79EFBC}") = "ForexTrader.Models", "ForexTrader.Models\ForexTrader.Models.csproj", "{526C9A76-98CB-4B17-94A5-5555360EF861}"
EndProject
Project("{2150E333-8FDC-42A3-9474-1A3956D46DE8}") = "Tests", "Tests", "{1180CE05-7C26-4CB8-9056-88AC25589057}"
EndProject
Project("{FAE04EC0-301F-11D3-BF4B-00C04F79EFBC}") = "ForexTrader.Models.Tests", "Tests\ForexTrader.Models.Tests\ForexTrader.Models.Tests.csproj", "{83789A2D-9720-4BFD-BA81-3AF790DCBAAE}"
EndProject
Project("{FAE04EC0-301F-11D3-BF4B-00C04F79EFBC}") = "ForexTrader.Strategies", "ForexTrader.Strategies\ForexTrader.Strategies.csproj", "{08ADD118-0FB6-4BF9-B926-C0089539A84A}"
EndProject
Project("{FAE04EC0-301F-11D3-BF4B-00C04F79EFBC}") = "ForexTrader.Strategies.Tests", "Tests\ForexTrader.Strategies.Tests\ForexTrader.Strategies.Tests.csproj", "{19D7EB2B-9319-4021-89CF-ED75D2FD4E2A}"
EndProject
Project("{FAE04EC0-301F-11D3-BF4B-00C04F79EFBC}") = "ForexTrader.Managers", "ForexTrader.Managers\ForexTrader.Managers.csproj", "{24CE5762-EF4E-44B8-B5D7-E1987DAE2AF0}"
EndProject
Project("{FAE04EC0-301F-11D3-BF4B-00C04F79EFBC}") = "ForexTrader.Managers.Tests", "Tests\ForexTrader.Managers.Tests\ForexTrader.Managers.Tests.csproj", "{B3480ED6-2B1E-403F-9DF5-5EBF0BD41429}"
EndProject
Project("{FAE04EC0-301F-11D3-BF4B-00C04F79EFBC}") = "ForexTrader.Services", "ForexTrader.Services\ForexTrader.Services.csproj", "{F95321B1-4ABC-4C75-BBC3-58DA23FC5E97}"
EndProject
Project("{FAE04EC0-301F-11D3-BF4B-00C04F79EFBC}") = "ForexTrader.Services.Tests", "Tests\ForexTrader.Services.Tests\ForexTrader.Services.Tests.csproj", "{2F649F99-8A81-4795-8B0E-B3601D3050D3}"
EndProject
Global
	GlobalSection(SolutionConfigurationPlatforms) = preSolution
		Debug|Any CPU = Debug|Any CPU
		Debug|x64 = Debug|x64
		Debug|x86 = Debug|x86
		Release|Any CPU = Release|Any CPU
		Release|x64 = Release|x64
		Release|x86 = Release|x86
	EndGlobalSection
	GlobalSection(SolutionProperties) = preSolution
		HideSolutionNode = FALSE
	EndGlobalSection
	GlobalSection(ProjectConfigurationPlatforms) = postSolution
		{526C9A76-98CB-4B17-94A5-5555360EF861}.Debug|Any CPU.ActiveCfg = Debug|Any CPU
		{526C9A76-98CB-4B17-94A5-5555360EF861}.Debug|Any CPU.Build.0 = Debug|Any CPU
		{526C9A76-98CB-4B17-94A5-5555360EF861}.Debug|x64.ActiveCfg = Debug|Any CPU
		{526C9A76-98CB-4B17-94A5-5555360EF861}.Debug|x64.Build.0 = Debug|Any CPU
		{526C9A76-98CB-4B17-94A5-5555360EF861}.Debug|x86.ActiveCfg = Debug|Any CPU
		{526C9A76-98CB-4B17-94A5-5555360EF861}.Debug|x86.Build.0 = Debug|Any CPU
		{526C9A76-98CB-4B17-94A5-5555360EF861}.Release|Any CPU.ActiveCfg = Release|Any CPU
		{526C9A76-98CB-4B17-94A5-5555360EF861}.Release|Any CPU.Build.0 = Release|Any CPU
		{526C9A76-98CB-4B17-94A5-5555360EF861}.Release|x64.ActiveCfg = Release|Any CPU
		{526C9A76-98CB-4B17-94A5-5555360EF861}.Release|x64.Build.0 = Release|Any CPU
		{526C9A76-98CB-4B17-94A5-5555360EF861}.Release|x86.ActiveCfg = Release|Any CPU
		{526C9A76-98CB-4B17-94A5-5555360EF861}.Release|x86.Build.0 = Release|Any CPU
		{83789A2D-9720-4BFD-BA81-3AF790DCBAAE}.Debug|Any CPU.ActiveCfg = Debug|Any CPU
		{83789A2D-9720-4BFD-BA81-3AF790DCBAAE}.Debug|Any CPU.Build.0 = Debug|Any CPU
		{83789A2D-9720-4BFD-BA81-3AF790DCBAAE}.Debug|x64.ActiveCfg = Debug|Any CPU
		{83789A2D-9720-4BFD-BA81-3AF790DCBAAE}.Debug|x64.Build.0 = Debug|Any CPU
		{83789A2D-9720-4BFD-BA81-3AF790DCBAAE}.Debug|x86.ActiveCfg = Debug|Any CPU
		{83789A2D-9720-4BFD-BA81-3AF790DCBAAE}.Debug|x86.Build.0 = Debug|Any CPU
		{83789A2D-9720-4BFD-BA81-3AF790DCBAAE}.Release|Any CPU.ActiveCfg = Release|Any CPU
		{83789A2D-9720-4BFD-BA81-3AF790DCBAAE}.Release|Any CPU.Build.0 = Release|Any CPU
		{83789A2D-9720-4BFD-BA81-3AF790DCBAAE}.Release|x64.ActiveCfg = Release|Any CPU
		{83789A2D-9720-4BFD-BA81-3AF790DCBAAE}.Release|x64.Build.0 = Release|Any CPU
		{83789A2D-9720-4BFD-BA81-3AF790DCBAAE}.Release|x86.ActiveCfg = Release|Any CPU
		{83789A2D-9720-4BFD-BA81-3AF790DCBAAE}.Release|x86.Build.0 = Release|Any CPU
		{08ADD118-0FB6-4BF9-B926-C0089539A84A}.Debug|Any CPU.ActiveCfg = Debug|Any CPU
		{08ADD118-0FB6-4BF9-B926-C0089539A84A}.Debug|Any CPU.Build.0 = Debug|Any CPU
		{08ADD118-0FB6-4BF9-B926-C0089539A84A}.Debug|x64.ActiveCfg = Debug|Any CPU
		{08ADD118-0FB6-4BF9-B926-C0089539A84A}.Debug|x64.Build.0 = Debug|Any CPU
		{08ADD118-0FB6-4BF9-B926-C0089539A84A}.Debug|x86.ActiveCfg = Debug|Any CPU
		{08ADD118-0FB6-4BF9-B926-C0089539A84A}.Debug|x86.Build.0 = Debug|Any CPU
		{08ADD118-0FB6-4BF9-B926-C0089539A84A}.Release|Any CPU.ActiveCfg = Release|Any CPU
		{08ADD118-0FB6-4BF9-B926-C0089539A84A}.Release|Any CPU.Build.0 = Release|Any CPU
		{08ADD118-0FB6-4BF9-B926-C0089539A84A}.Release|x64.ActiveCfg = Release|Any CPU
		{08ADD118-0FB6-4BF9-B926-C0089539A84A}.Release|x64.Build.0 = Release|Any CPU
		{08ADD118-0FB6-4BF9-B926-C0089539A84A}.Release|x86.ActiveCfg = Release|Any CPU
		{08ADD118-0FB6-4BF9-B926-C0089539A84A}.Release|x86.Build.0 = Release|Any CPU
		{19D7EB2B-9319-4021-89CF-ED75D2FD4E2A}.Debug|Any CPU.ActiveCfg = Debug|Any CPU
		{19D7EB2B-9319-4021-89CF-ED75D2FD4E2A}.Debug|Any CPU.Build.0 = Debug|Any CPU
		{19D7EB2B-9319-4021-89CF-ED75D2FD4E2A}.Debug|x64.ActiveCfg = Debug|Any CPU
		{19D7EB2B-9319-4021-89CF-ED75D2FD4E2A}.Debug|x64.Build.0 = Debug|Any CPU
		{19D7EB2B-9319-4021-89CF-ED75D2FD4E2A}.Debug|x86.ActiveCfg = Debug|Any CPU
		{19D7EB2B-9319-4021-89CF-ED75D2FD4E2A}.Debug|x86.Build.0 = Debug|Any CPU
		{19D7EB2B-9319-4021-89CF-ED75D2FD4E2A}.Release|Any CPU.ActiveCfg = Release|Any CPU
		{19D7EB2B-9319-4021-89CF-ED75D2FD4E2A}.Release|Any CPU.Build.0 = Release|Any CPU
		{19D7EB2B-9319-4021-89CF-ED75D2FD4E2A}.Release|x64.ActiveCfg = Release|Any CPU
		{19D7EB2B-9319-4021-89CF-ED75D2FD4E2A}.Release|x64.Build.0 = Release|Any CPU
		{19D7EB2B-9319-4021-89CF-ED75D2FD4E2A}.Release|x86.ActiveCfg = Release|Any CPU
		{19D7EB2B-9319-4021-89CF-ED75D2FD4E2A}.Release|x86.Build.0 = Release|Any CPU
		{24CE5762-EF4E-44B8-B5D7-E1987DAE2AF0}.Debug|Any CPU.ActiveCfg = Debug|Any CPU
		{24CE5762-EF4E-44B8-B5D7-E1987DAE2AF0}.Debug|Any CPU.Build.0 = Debug|Any CPU
		{24CE5762-EF4E-44B8-B5D7-E1987DAE2AF0}.Debug|x64.ActiveCfg = Debug|Any CPU
		{24CE5762-EF4E-44B8-B5D7-E1987DAE2AF0}.Debug|x64.Build.0 = Debug|Any CPU
		{24CE5762-EF4E-44B8-B5D7-E1987DAE2AF0}.Debug|x86.ActiveCfg = Debug|Any CPU
		{24CE5762-EF4E-44B8-B5D7-E1987DAE2AF0}.Debug|x86.Build.0 = Debug|Any CPU
		{24CE5762-EF4E-44B8-B5D7-E1987DAE2AF0}.Release|Any CPU.ActiveCfg = Release|Any CPU
		{24CE5762-EF4E-44B8-B5D7-E1987DAE2AF0}.Release|Any CPU.Build.0 = Release|Any CPU
		{24CE5762-EF4E-44B8-B5D7-E1987DAE2AF0}.Release|x64.ActiveCfg = Release|Any CPU
		{24CE5762-EF4E-44B8-B5D7-E1987DAE2AF0}.Release|x64.Build.0 = Release|Any CPU
		{24CE5762-EF4E-44B8-B5D7-E1987DAE2AF0}.Release|x86.ActiveCfg = Release|Any CPU
		{24CE5762-EF4E-44B8-B5D7-E1987DAE2AF0}.Release|x86.Build.0 = Release|Any CPU
		{B3480ED6-2B1E-403F-9DF5-5EBF0BD41429}.Debug|Any CPU.ActiveCfg = Debug|Any CPU
		{B3480ED6-2B1E-403F-9DF5-5EBF0BD41429}.Debug|Any CPU.Build.0 = Debug|Any CPU
		{B3480ED6-2B1E-403F-9DF5-5EBF0BD41429}.Debug|x64.ActiveCfg = Debug|Any CPU
		{B3480ED6-2B1E-403F-9DF5-5EBF0BD41429}.Debug|x64.Build.0 = Debug|Any CPU
		{B3480ED6-2B1E-403F-9DF5-5EBF0BD41429}.Debug|x86.ActiveCfg = Debug|Any CPU
		{B3480ED6-2B1E-403F-9DF5-5EBF0BD41429}.Debug|x86.Build.0 = Debug|Any CPU
		{B3480ED6-2B1E-403F-9DF5-5EBF0BD41429}.Release|Any CPU.ActiveCfg = Release|Any CPU
		{B3480ED6-2B1E-403F-9DF5-5EBF0BD41429}.Release|Any CPU.Build.0 = Release|Any CPU
		{B3480ED6-2B1E-403F-9DF5-5EBF0BD41429}.Release|x64.ActiveCfg = Release|Any CPU
		{B3480ED6-2B1E-403F-9DF5-5EBF0BD41429}.Release|x64.Build.0 = Release|Any CPU
		{B3480ED6-2B1E-403F-9DF5-5EBF0BD41429}.Release|x86.ActiveCfg = Release|Any CPU
		{B3480ED6-2B1E-403F-9DF5-5EBF0BD41429}.Release|x86.Build.0 = Release|Any CPU
		{F95321B1-4ABC-4C75-BBC3-58DA23FC5E97}.Debug|Any CPU.ActiveCfg = Debug|Any CPU
		{F95321B1-4ABC-4C75-BBC3-58DA23FC5E97}.Debug|Any CPU.Build.0 = Debug|Any CPU
		{F95321B1-4ABC-4C75-BBC3-58DA23FC5E97}.Debug|x64.ActiveCfg = Debug|Any CPU
		{F95321B1-4ABC-4C75-BBC3-58DA23FC5E97}.Debug|x64.Build.0 = Debug|Any CPU
		{F95321B1-4ABC-4C75-BBC3-58DA23FC5E97}.Debug|x86.ActiveCfg = Debug|Any CPU
		{F95321B1-4ABC-4C75-BBC3-58DA23FC5E97}.Debug|x86.Build.0 = Debug|Any CPU
		{F95321B1-4ABC-4C75-BBC3-58DA23FC5E97}.Release|Any CPU.ActiveCfg = Release|Any CPU
		{F95321B1-4ABC-4C75-BBC3-58DA23FC5E97}.Release|Any CPU.Build.0 = Release|Any CPU
		{F95321B1-4ABC-4C75-BBC3-58DA23FC5E97}.Release|x64.ActiveCfg = Release|Any CPU
		{F95321B1-4ABC-4C75-BBC3-58DA23FC5E97}.Release|x64.Build.0 = Release|Any CPU
		{F95321B1-4ABC-4C75-BBC3-58DA23FC5E97}.Release|x86.ActiveCfg = Release|Any CPU
		{F95321B1-4ABC-4C75-BBC3-58DA23FC5E97}.Release|x86.Build.0 = Release|Any CPU
		{2F649F99-8A81-4795-8B0E-B3601D3050D3}.Debug|Any CPU.ActiveCfg = Debug|Any CPU
		{2F649F99-8A81-4795-8B0E-B3601D3050D3}.Debug|Any CPU.Build.0 = Debug|Any CPU
		{2F649F99-8A81-4795-8B0E-B3601D3050D3}.Debug|x64.ActiveCfg = Debug|Any CPU
		{2F649F99-8A81-4795-8B0E-B3601D3050D3}.Debug|x64.Build.0 = Debug|Any CPU
		{2F649F99-8A81-4795-8B0E-B3601D3050D3}.Debug|x86.ActiveCfg = Debug|Any CPU
		{2F649F99-8A81-4795-8B0E-B3601D3050D3}.Debug|x86.Build.0 = Debug|Any CPU
		{2F649F99-8A81-4795-8B0E-B3601D3050D3}.Release|Any CPU.ActiveCfg = Release|Any CPU
		{2F649F99-8A81-4795-8B0E-B3601D3050D3}.Release|Any CPU.Build.0 = Release|Any CPU
		{2F649F99-8A81-4795-8B0E-B3601D3050D3}.Release|x64.ActiveCfg = Release|Any CPU
		{2F649F99-8A81-4795-8B0E-B3601D3050D3}.Release|x64.Build.0 = Release|Any CPU
		{2F649F99-8A81-4795-8B0E-B3601D3050D3}.Release|x86.ActiveCfg = Release|Any CPU
		{2F649F99-8A81-4795-8B0E-B3601D3050D3}.Release|x86.Build.0 = Release|Any CPU
	EndGlobalSection
	GlobalSection(NestedProjects) = preSolution
		{83789A2D-9720-4BFD-BA81-3AF790DCBAAE} = {1180CE05-7C26-4CB8-9056-88AC25589057}
		{19D7EB2B-9319-4021-89CF-ED75D2FD4E2A} = {1180CE05-7C26-4CB8-9056-88AC25589057}
		{B3480ED6-2B1E-403F-9DF5-5EBF0BD41429} = {1180CE05-7C26-4CB8-9056-88AC25589057}
		{2F649F99-8A81-4795-8B0E-B3601D3050D3} = {1180CE05-7C26-4CB8-9056-88AC25589057}
	EndGlobalSection
EndGlobal
